
Microsoft Visual Studio Solution File, Format Version 12.00
# Visual Studio Version 17
VisualStudioVersion = 17.4.33213.308
MinimumVisualStudioVersion = 10.0.40219.1
Project("{FAE04EC0-301F-11D3-BF4B-00C04F79EFBC}") = "DistanceConverter", "DistanceConverter\DistanceConverter.csproj", "{6C8E63BF-EA55-40B9-A39C-6E5DD2E8ACAD}"
EndProject
Project("{FAE04EC0-301F-11D3-BF4B-00C04F79EFBC}") = "OrderForm", "OrderForm\OrderForm.csproj", "{15F2B1F8-1BB6-4E93-8D86-6D546F0C88B3}"
EndProject
Global
	GlobalSection(SolutionConfigurationPlatforms) = preSolution
		Debug|Any CPU = Debug|Any CPU
		Release|Any CPU = Release|Any CPU
	EndGlobalSection
	GlobalSection(ProjectConfigurationPlatforms) = postSolution
		{6C8E63BF-EA55-40B9-A39C-6E5DD2E8ACAD}.Debug|Any CPU.ActiveCfg = Debug|Any CPU
		{6C8E63BF-EA55-40B9-A39C-6E5DD2E8ACAD}.Debug|Any CPU.Build.0 = Debug|Any CPU
		{6C8E63BF-EA55-40B9-A39C-6E5DD2E8ACAD}.Release|Any CPU.ActiveCfg = Release|Any CPU
		{6C8E63BF-EA55-40B9-A39C-6E5DD2E8ACAD}.Release|Any CPU.Build.0 = Release|Any CPU
		{15F2B1F8-1BB6-4E93-8D86-6D546F0C88B3}.Debug|Any CPU.ActiveCfg = Debug|Any CPU
		{15F2B1F8-1BB6-4E93-8D86-6D546F0C88B3}.Debug|Any CPU.Build.0 = Debug|Any CPU
		{15F2B1F8-1BB6-4E93-8D86-6D546F0C88B3}.Release|Any CPU.ActiveCfg = Release|Any CPU
		{15F2B1F8-1BB6-4E93-8D86-6D546F0C88B3}.Release|Any CPU.Build.0 = Release|Any CPU
	EndGlobalSection
	GlobalSection(SolutionProperties) = preSolution
		HideSolutionNode = FALSE
	EndGlobalSection
	GlobalSection(ExtensibilityGlobals) = postSolution
		SolutionGuid = {BBCDA467-C1DB-4C10-A6A6-2300C6DB54C1}
	EndGlobalSection
EndGlobal
